
Microsoft Visual Studio Solution File, Format Version 12.00
# Visual Studio Version 17
VisualStudioVersion = 17.9.34607.119
MinimumVisualStudioVersion = 10.0.40219.1
Project("{888888A0-9F3D-457C-B088-3A5042F75D52}") = "001 practica de variables", "001 practica de variables\001 practica de variables.pyproj", "{2BAE3746-A995-4451-8776-36B0627AD85D}"
EndProject
Global
	GlobalSection(SolutionConfigurationPlatforms) = preSolution
		Debug|Any CPU = Debug|Any CPU
		Release|Any CPU = Release|Any CPU
	EndGlobalSection
	GlobalSection(ProjectConfigurationPlatforms) = postSolution
		{2BAE3746-A995-4451-8776-36B0627AD85D}.Debug|Any CPU.ActiveCfg = Debug|Any CPU
		{2BAE3746-A995-4451-8776-36B0627AD85D}.Release|Any CPU.ActiveCfg = Release|Any CPU
	EndGlobalSection
	GlobalSection(SolutionProperties) = preSolution
		HideSolutionNode = FALSE
	EndGlobalSection
	GlobalSection(ExtensibilityGlobals) = postSolution
		SolutionGuid = {56FACEC3-0275-41E1-BCB2-7F373C7EE395}
	EndGlobalSection
EndGlobal
